
Microsoft Visual Studio Solution File, Format Version 12.00
# Visual Studio Version 17
VisualStudioVersion = 17.3.32929.385
MinimumVisualStudioVersion = 10.0.40219.1
Project("{FAE04EC0-301F-11D3-BF4B-00C04F79EFBC}") = "MyFirstTest", "MyFirstTest\MyFirstTest.csproj", "{D399ACFC-AFD4-45E4-93AE-23FC328F1380}"
EndProject
Project("{FAE04EC0-301F-11D3-BF4B-00C04F79EFBC}") = "UnitTest", "UnitTest\UnitTest.csproj", "{413B64FF-084A-4702-B247-C49CD1D8C4E0}"
EndProject
Global
	GlobalSection(SolutionConfigurationPlatforms) = preSolution
		Debug|Any CPU = Debug|Any CPU
		Release|Any CPU = Release|Any CPU
	EndGlobalSection
	GlobalSection(ProjectConfigurationPlatforms) = postSolution
		{D399ACFC-AFD4-45E4-93AE-23FC328F1380}.Debug|Any CPU.ActiveCfg = Debug|Any CPU
		{D399ACFC-AFD4-45E4-93AE-23FC328F1380}.Debug|Any CPU.Build.0 = Debug|Any CPU
		{D399ACFC-AFD4-45E4-93AE-23FC328F1380}.Release|Any CPU.ActiveCfg = Release|Any CPU
		{D399ACFC-AFD4-45E4-93AE-23FC328F1380}.Release|Any CPU.Build.0 = Release|Any CPU
		{413B64FF-084A-4702-B247-C49CD1D8C4E0}.Debug|Any CPU.ActiveCfg = Debug|Any CPU
		{413B64FF-084A-4702-B247-C49CD1D8C4E0}.Debug|Any CPU.Build.0 = Debug|Any CPU
		{413B64FF-084A-4702-B247-C49CD1D8C4E0}.Release|Any CPU.ActiveCfg = Release|Any CPU
		{413B64FF-084A-4702-B247-C49CD1D8C4E0}.Release|Any CPU.Build.0 = Release|Any CPU
	EndGlobalSection
	GlobalSection(SolutionProperties) = preSolution
		HideSolutionNode = FALSE
	EndGlobalSection
	GlobalSection(ExtensibilityGlobals) = postSolution
		SolutionGuid = {A8AA5BBB-47CC-482B-90E0-E27A3B65DA97}
	EndGlobalSection
EndGlobal
